{
  "version": 4,
  "terraform_version": "1.15.9",
  "serial": 12,
  "lineage": "c589948d-74a4-ee22-56f3-eae8eb97b5fc",
  "outputs": {
    "aws_role_arn": {
      "value": "arn:aws:iam::619048610294:role/github-actions-ecs-role",
      "type": "string"
    },
    "ecr_east_uri": {
      "value": "619048610294.dkr.ecr.us-east-1.amazonaws.com/multi-region-app-east",
      "type": "string"
    },
    "ecr_west_uri": {
      "value": "619048610294.dkr.ecr.us-west-2.amazonaws.com/multi-region-app-west",
      "type": "string"
    },
    "ecs_execution_role_arn": {
      "value": "arn:aws:iam::619048610294:role/ecsTaskExecutionRole",
      "type": "string"
    },
    "ecs_infrastructure_role_arn": {
      "value": "arn:aws:iam::619048610294:role/ecsInfrastructureRoleForExpressServices",
      "type": "string"
    }
  },
  "resources": [
    {
      "mode": "managed",
      "type": "aws_ecr_repository",
      "name": "east",
      "provider": "provider[\"registry.terraform.io/hashicorp/aws\"]",
      "instances": [
        {
          "schema_version": 0,
          "attributes": {
            "arn": "arn:aws:ecr:us-east-1:619048610294:repository/multi-region-app-east",
            "encryption_configuration": [
              {
                "encryption_type": "AES256",
                "kms_key": ""
              }
            ],
            "force_delete": true,
            "id": "multi-region-app-east",
            "image_scanning_configuration": [
              {
                "scan_on_push": true
              }
            ],
            "image_tag_mutability": "MUTABLE",
            "image_tag_mutability_exclusion_filter": [],
            "name": "multi-region-app-east",
            "region": "us-east-1",
            "registry_id": "619048610294",
            "repository_url": "619048610294.dkr.ecr.us-east-1.amazonaws.com/multi-region-app-east",
            "tags": {},
            "tags_all": {},
            "timeouts": null
          },
          "sensitive_attributes": [],
          "identity_schema_version": 0,
          "identity": {
            "account_id": "619048610294",
            "name": "multi-region-app-east",
            "region": "us-east-1"
          },
          "private": "eyJlMmJmYjczMC1lY2FhLTExZTYtOGY4OC0zNDM2M2JjN2M0YzAiOnsiZGVsZXRlIjoxMjAwMDAwMDAwMDAwfX0="
        }
      ]
    },
    {
      "mode": "managed",
      "type": "aws_ecr_repository",
      "name": "west",
      "provider": "provider[\"registry.terraform.io/hashicorp/aws\"].west",
      "instances": [
        {
          "schema_version": 0,
          "attributes": {
            "arn": "arn:aws:ecr:us-west-2:619048610294:repository/multi-region-app-west",
            "encryption_configuration": [
              {
                "encryption_type": "AES256",
                "kms_key": ""
              }
            ],
            "force_delete": true,
            "id": "multi-region-app-west",
            "image_scanning_configuration": [
              {
                "scan_on_push": true
              }
            ],
            "image_tag_mutability": "MUTABLE",
            "image_tag_mutability_exclusion_filter": [],
            "name": "multi-region-app-west",
            "region": "us-west-2",
            "registry_id": "619048610294",
            "repository_url": "619048610294.dkr.ecr.us-west-2.amazonaws.com/multi-region-app-west",
            "tags": {},
            "tags_all": {},
            "timeouts": null
          },
          "sensitive_attributes": [],
          "identity_schema_version": 0,
          "identity": {
            "account_id": "619048610294",
            "name": "multi-region-app-west",
            "region": "us-west-2"
          },
          "private": "eyJlMmJmYjczMC1lY2FhLTExZTYtOGY4OC0zNDM2M2JjN2M0YzAiOnsiZGVsZXRlIjoxMjAwMDAwMDAwMDAwfX0="
        }
      ]
    },
    {
      "mode": "managed",
      "type": "aws_iam_role",
      "name": "github_actions",
      "provider": "provider[\"registry.terraform.io/hashicorp/aws\"]",
      "instances": [
        {
          "schema_version": 0,
          "attributes": {
            "arn": "arn:aws:iam::619048610294:role/github-actions-ecs-role",
            "assume_role_policy": "{\"Statement\":[{\"Action\":\"sts:AssumeRoleWithWebIdentity\",\"Condition\":{\"StringEquals\":{\"token.actions.githubusercontent.com:aud\":\"sts.amazonaws.com\",\"token.actions.githubusercontent.com:sub\":\"repo:Nicssss22@174873832/multi-region-app@1355491509:ref:refs/heads/main\"}},\"Effect\":\"Allow\",\"Principal\":{\"Federated\":\"arn:aws:iam::619048610294:oidc-provider/token.actions.githubusercontent.com\"}}],\"Version\":\"2012-10-17\"}",
            "create_date": "2026-09-03T15:02:22Z",
            "description": "",
            "force_detach_policies": false,
            "id": "github-actions-ecs-role",
            "inline_policy": [],
            "managed_policy_arns": [],
            "max_session_duration": 3600,
            "name": "github-actions-ecs-role",
            "name_prefix": "",
            "path": "/",
            "permissions_boundary": "",
            "tags": null,
            "tags_all": {},
            "unique_id": "AROAZAIRMFH3L4YYDLFFS"
          },
          "sensitive_attributes": [],
          "identity_schema_version": 0,
          "identity": {
            "account_id": "619048610294",
            "name": "github-actions-ecs-role"
          },
          "private": "bnVsbA==",
          "dependencies": [
            "aws_iam_openid_connect_provider.github"
          ]
        }
      ]
    },
    {
      "mode": "managed",
      "type": "aws_iam_role",
      "name": "infrastructure",
      "provider": "provider[\"registry.terraform.io/hashicorp/aws\"]",
      "instances": [
        {
          "schema_version": 0,
          "attributes": {
            "arn": "arn:aws:iam::619048610294:role/ecsInfrastructureRoleForExpressServices",
            "assume_role_policy": "{\"Statement\":[{\"Action\":\"sts:AssumeRole\",\"Effect\":\"Allow\",\"Principal\":{\"Service\":\"ecs.amazonaws.com\"}}],\"Version\":\"2012-10-17\"}",
            "create_date": "2026-09-03T14:59:17Z",
            "description": "",
            "force_detach_policies": false,
            "id": "ecsInfrastructureRoleForExpressServices",
            "inline_policy": [],
            "managed_policy_arns": [
              "arn:aws:iam::aws:policy/service-role/AmazonECSInfrastructureRoleforExpressGatewayServices"
            ],
            "max_session_duration": 3600,
            "name": "ecsInfrastructureRoleForExpressServices",
            "name_prefix": "",
            "path": "/",
            "permissions_boundary": "",
            "tags": {},
            "tags_all": {},
            "unique_id": "AROAZAIRMFH3PWJYFQSIP"
          },
          "sensitive_attributes": [],
          "identity_schema_version": 0,
          "identity": {
            "account_id": "619048610294",
            "name": "ecsInfrastructureRoleForExpressServices"
          },
          "private": "bnVsbA=="
        }
      ]
    },
    {
      "mode": "managed",
      "type": "aws_iam_role",
      "name": "task_execution",
      "provider": "provider[\"registry.terraform.io/hashicorp/aws\"]",
      "instances": [
        {
          "schema_version": 0,
          "attributes": {
            "arn": "arn:aws:iam::619048610294:role/ecsTaskExecutionRole",
            "assume_role_policy": "{\"Statement\":[{\"Action\":\"sts:AssumeRole\",\"Effect\":\"Allow\",\"Principal\":{\"Service\":\"ecs-tasks.amazonaws.com\"}}],\"Version\":\"2012-10-17\"}",
            "create_date": "2026-09-03T14:59:17Z",
            "description": "",
            "force_detach_policies": false,
            "id": "ecsTaskExecutionRole",
            "inline_policy": [],
            "managed_policy_arns": [
              "arn:aws:iam::aws:policy/service-role/AmazonECSTaskExecutionRolePolicy"
            ],
            "max_session_duration": 3600,
            "name": "ecsTaskExecutionRole",
            "name_prefix": "",
            "path": "/",
            "permissions_boundary": "",
            "tags": {},
            "tags_all": {},
            "unique_id": "AROAZAIRMFH3HVXQZWIDN"
          },
          "sensitive_attributes": [],
          "identity_schema_version": 0,
          "identity": {
            "account_id": "619048610294",
            "name": "ecsTaskExecutionRole"
          },
          "private": "bnVsbA=="
        }
      ]
    },
    {
      "mode": "managed",
      "type": "aws_iam_role_policy",
      "name": "github_ecr",
      "provider": "provider[\"registry.terraform.io/hashicorp/aws\"]",
      "instances": [
        {
          "schema_version": 0,
          "attributes": {
            "id": "github-actions-ecs-role:push-regional-images",
            "name": "push-regional-images",
            "name_prefix": "",
            "policy": "{\"Version\":\"2012-10-17\",\"Statement\":[{\"Action\":[\"ecr:GetAuthorizationToken\"],\"Effect\":\"Allow\",\"Resource\":\"*\"},{\"Action\":[\"ecr:BatchCheckLayerAvailability\",\"ecr:BatchGetImage\",\"ecr:CompleteLayerUpload\",\"ecr:InitiateLayerUpload\",\"ecr:PutImage\",\"ecr:UploadLayerPart\"],\"Effect\":\"Allow\",\"Resource\":[\"arn:aws:ecr:us-east-1:619048610294:repository/multi-region-app-east\",\"arn:aws:ecr:us-west-2:619048610294:repository/multi-region-app-west\"]}]}",
            "role": "github-actions-ecs-role"
          },
          "sensitive_attributes": [],
          "identity_schema_version": 0,
          "identity": {
            "account_id": "619048610294",
            "name": "push-regional-images",
            "role": "github-actions-ecs-role"
          },
          "private": "bnVsbA==",
          "dependencies": [
            "aws_ecr_repository.east",
            "aws_ecr_repository.west",
            "aws_iam_openid_connect_provider.github",
            "aws_iam_role.github_actions"
          ]
        }
      ]
    },
    {
      "mode": "managed",
      "type": "aws_iam_role_policy",
      "name": "github_ecs",
      "provider": "provider[\"registry.terraform.io/hashicorp/aws\"]",
      "instances": [
        {
          "schema_version": 0,
          "attributes": {
            "id": "github-actions-ecs-role:deploy-express-services",
            "name": "deploy-express-services",
            "name_prefix": "",
            "policy": "{\"Version\":\"2012-10-17\",\"Statement\":[{\"Action\":[\"ecs:CreateCluster\",\"ecs:RegisterTaskDefinition\",\"ecs:CreateExpressGatewayService\",\"ecs:UpdateExpressGatewayService\",\"ecs:DescribeExpressGatewayService\",\"ecs:DescribeClusters\",\"ecs:DescribeServices\",\"ecs:ListServiceDeployments\",\"ecs:DescribeServiceDeployments\",\"ecs:TagResource\",\"ecs:UntagResource\"],\"Effect\":\"Allow\",\"Resource\":\"*\"},{\"Action\":[\"iam:PassRole\"],\"Effect\":\"Allow\",\"Resource\":[\"arn:aws:iam::619048610294:role/ecsTaskExecutionRole\",\"arn:aws:iam::619048610294:role/ecsInfrastructureRoleForExpressServices\"]}]}",
            "role": "github-actions-ecs-role"
          },
          "sensitive_attributes": [],
          "identity_schema_version": 0,
          "identity": {
            "account_id": "619048610294",
            "name": "deploy-express-services",
            "role": "github-actions-ecs-role"
          },
          "private": "bnVsbA==",
          "dependencies": [
            "aws_iam_openid_connect_provider.github",
            "aws_iam_role.github_actions",
            "aws_iam_role.infrastructure",
            "aws_iam_role.task_execution"
          ]
        }
      ]
    },
    {
      "mode": "managed",
      "type": "aws_iam_role_policy_attachment",
      "name": "infrastructure",
      "provider": "provider[\"registry.terraform.io/hashicorp/aws\"]",
      "instances": [
        {
          "schema_version": 0,
          "attributes": {
            "id": "ecsInfrastructureRoleForExpressServices/arn:aws:iam::aws:policy/service-role/AmazonECSInfrastructureRoleforExpressGatewayServices",
            "policy_arn": "arn:aws:iam::aws:policy/service-role/AmazonECSInfrastructureRoleforExpressGatewayServices",
            "role": "ecsInfrastructureRoleForExpressServices"
          },
          "sensitive_attributes": [],
          "identity_schema_version": 0,
          "identity": {
            "account_id": "619048610294",
            "policy_arn": "arn:aws:iam::aws:policy/service-role/AmazonECSInfrastructureRoleforExpressGatewayServices",
            "role": "ecsInfrastructureRoleForExpressServices"
          },
          "private": "bnVsbA==",
          "dependencies": [
            "aws_iam_role.infrastructure"
          ]
        }
      ]
    },
    {
      "mode": "managed",
      "type": "aws_iam_role_policy_attachment",
      "name": "task_execution",
      "provider": "provider[\"registry.terraform.io/hashicorp/aws\"]",
      "instances": [
        {
          "schema_version": 0,
          "attributes": {
            "id": "ecsTaskExecutionRole/arn:aws:iam::aws:policy/service-role/AmazonECSTaskExecutionRolePolicy",
            "policy_arn": "arn:aws:iam::aws:policy/service-role/AmazonECSTaskExecutionRolePolicy",
            "role": "ecsTaskExecutionRole"
          },
          "sensitive_attributes": [],
          "identity_schema_version": 0,
          "identity": {
            "account_id": "619048610294",
            "policy_arn": "arn:aws:iam::aws:policy/service-role/AmazonECSTaskExecutionRolePolicy",
            "role": "ecsTaskExecutionRole"
          },
          "private": "bnVsbA==",
          "dependencies": [
            "aws_iam_role.task_execution"
          ]
        }
      ]
    }
  ],
  "check_results": null
}
